
Microsoft Visual Studio Solution File, Format Version 12.00
# Visual Studio Version 16
VisualStudioVersion = 16.0.30002.166
MinimumVisualStudioVersion = 10.0.40219.1
Project("{FAE04EC0-301F-11D3-BF4B-00C04F79EFBC}") = "HiveJack-Console", "HiveJack-Console.csproj", "{218534E4-86F7-466F-A8A3-D1613B5F9F1E}"
EndProject
Global
	GlobalSection(SolutionConfigurationPlatforms) = preSolution
		Debug|Any CPU = Debug|Any CPU
		Release|Any CPU = Release|Any CPU
	EndGlobalSection
	GlobalSection(ProjectConfigurationPlatforms) = postSolution
		{218534E4-86F7-466F-A8A3-D1613B5F9F1E}.Debug|Any CPU.ActiveCfg = Debug|Any CPU
		{218534E4-86F7-466F-A8A3-D1613B5F9F1E}.Debug|Any CPU.Build.0 = Debug|Any CPU
		{218534E4-86F7-466F-A8A3-D1613B5F9F1E}.Release|Any CPU.ActiveCfg = Release|Any CPU
		{218534E4-86F7-466F-A8A3-D1613B5F9F1E}.Release|Any CPU.Build.0 = Release|Any CPU
	EndGlobalSection
	GlobalSection(SolutionProperties) = preSolution
		HideSolutionNode = FALSE
	EndGlobalSection
	GlobalSection(ExtensibilityGlobals) = postSolution
		SolutionGuid = {3C0CF0E6-4841-4DB8-8422-A9AEB57FFC29}
	EndGlobalSection
EndGlobal
